// !$*UTF8*$!
{
	archiveVersion = 1;
	classes = {
	};
	objectVersion = 46;
	objects = {

/* Begin PBXBuildFile section */
		2B22D0261B0AF981006856F0 /* AppDelegate.swift in Sources */ = {isa = PBXBuildFile; fileRef = 2B22D0251B0AF981006856F0 /* AppDelegate.swift */; };
		2B22D0291B0AF981006856F0 /* DiveAnalyzer.xcdatamodeld in Sources */ = {isa = PBXBuildFile; fileRef = 2B22D0271B0AF981006856F0 /* DiveAnalyzer.xcdatamodeld */; };
		2B22D02B1B0AF981006856F0 /* ViewController.swift in Sources */ = {isa = PBXBuildFile; fileRef = 2B22D02A1B0AF981006856F0 /* ViewController.swift */; };
		2B22D02E1B0AF981006856F0 /* Main.storyboard in Resources */ = {isa = PBXBuildFile; fileRef = 2B22D02C1B0AF981006856F0 /* Main.storyboard */; };
		2B22D0301B0AF981006856F0 /* Images.xcassets in Resources */ = {isa = PBXBuildFile; fileRef = 2B22D02F1B0AF981006856F0 /* Images.xcassets */; };
		2B22D0331B0AF981006856F0 /* LaunchScreen.xib in Resources */ = {isa = PBXBuildFile; fileRef = 2B22D0311B0AF981006856F0 /* LaunchScreen.xib */; };
		2B22D03F1B0AF981006856F0 /* DiveAnalyzerTests.swift in Sources */ = {isa = PBXBuildFile; fileRef = 2B22D03E1B0AF981006856F0 /* DiveAnalyzerTests.swift */; };
/* End PBXBuildFile section */

/* Begin PBXContainerItemProxy section */
		2B22D0391B0AF981006856F0 /* PBXContainerItemProxy */ = {
			isa = PBXContainerItemProxy;
			containerPortal = 2B22D0181B0AF981006856F0 /* Project object */;
			proxyType = 1;
			remoteGlobalIDString = 2B22D01F1B0AF981006856F0;
			remoteInfo = DiveAnalyzer;
		};
/* End PBXContainerItemProxy section */

/* Begin PBXFileReference section */
		2B22D0201B0AF981006856F0 /* DiveAnalyzer.app */ = {isa = PBXFileReference; explicitFileType = wrapper.application; includeInIndex = 0; path = DiveAnalyzer.app; sourceTree = BUILT_PRODUCTS_DIR; };
		2B22D0241B0AF981006856F0 /* Info.plist */ = {isa = PBXFileReference; lastKnownFileType = text.plist.xml; path = Info.plist; sourceTree = "<group>"; };
		2B22D0251B0AF981006856F0 /* AppDelegate.swift */ = {isa = PBXFileReference; lastKnownFileType = sourcecode.swift; path = AppDelegate.swift; sourceTree = "<group>"; };
		2B22D0281B0AF981006856F0 /* DiveAnalyzer.xcdatamodel */ = {isa = PBXFileReference; lastKnownFileType = wrapper.xcdatamodel; path = DiveAnalyzer.xcdatamodel; sourceTree = "<group>"; };
		2B22D02A1B0AF981006856F0 /* ViewController.swift */ = {isa = PBXFileReference; lastKnownFileType = sourcecode.swift; path = ViewController.swift; sourceTree = "<group>"; };
		2B22D02D1B0AF981006856F0 /* Base */ = {isa = PBXFileReference; lastKnownFileType = file.storyboard; name = Base; path = Base.lproj/Main.storyboard; sourceTree = "<group>"; };
		2B22D02F1B0AF981006856F0 /* Images.xcassets */ = {isa = PBXFileReference; lastKnownFileType = folder.assetcatalog; path = Images.xcassets; sourceTree = "<group>"; };
		2B22D0321B0AF981006856F0 /* Base */ = {isa = PBXFileReference; lastKnownFileType = file.xib; name = Base; path = Base.lproj/LaunchScreen.xib; sourceTree = "<group>"; };
		2B22D0381B0AF981006856F0 /* DiveAnalyzerTests.xctest */ = {isa = PBXFileReference; explicitFileType = wrapper.cfbundle; includeInIndex = 0; path = DiveAnalyzerTests.xctest; sourceTree = BUILT_PRODUCTS_DIR; };
		2B22D03D1B0AF981006856F0 /* Info.plist */ = {isa = PBXFileReference; lastKnownFileType = text.plist.xml; path = Info.plist; sourceTree = "<group>"; };
		2B22D03E1B0AF981006856F0 /* DiveAnalyzerTests.swift */ = {isa = PBXFileReference; lastKnownFileType = sourcecode.swift; path = DiveAnalyzerTests.swift; sourceTree = "<group>"; };
/* End PBXFileReference section */

/* Begin PBXFrameworksBuildPhase section */
		2B22D01D1B0AF981006856F0 /* Frameworks */ = {
			isa = PBXFrameworksBuildPhase;
			buildActionMask = 2147483647;
			files = (
			);
			runOnlyForDeploymentPostprocessing = 0;
		};
		2B22D0351B0AF981006856F0 /* Frameworks */ = {
			isa = PBXFrameworksBuildPhase;
			buildActionMask = 2147483647;
			files = (
			);
			runOnlyForDeploymentPostprocessing = 0;
		};
/* End PBXFrameworksBuildPhase section */

/* Begin PBXGroup section */
		2B22D0171B0AF981006856F0 = {
			isa = PBXGroup;
			children = (
				2B22D0221B0AF981006856F0 /* DiveAnalyzer */,
				2B22D03B1B0AF981006856F0 /* DiveAnalyzerTests */,
				2B22D0211B0AF981006856F0 /* Products */,
			);
			sourceTree = "<group>";
		};
		2B22D0211B0AF981006856F0 /* Products */ = {
			isa = PBXGroup;
			children = (
				2B22D0201B0AF981006856F0 /* DiveAnalyzer.app */,
				2B22D0381B0AF981006856F0 /* DiveAnalyzerTests.xctest */,
			);
			name = Products;
			sourceTree = "<group>";
		};
		2B22D0221B0AF981006856F0 /* DiveAnalyzer */ = {
			isa = PBXGroup;
			children = (
				2B22D0251B0AF981006856F0 /* AppDelegate.swift */,
				2B22D02A1B0AF981006856F0 /* ViewController.swift */,
				2B22D02C1B0AF981006856F0 /* Main.storyboard */,
				2B22D02F1B0AF981006856F0 /* Images.xcassets */,
				2B22D0311B0AF981006856F0 /* LaunchScreen.xib */,
				2B22D0271B0AF981006856F0 /* DiveAnalyzer.xcdatamodeld */,
				2B22D0231B0AF981006856F0 /* Supporting Files */,
			);
			path = DiveAnalyzer;
			sourceTree = "<group>";
		};
		2B22D0231B0AF981006856F0 /* Supporting Files */ = {
			isa = PBXGroup;
			children = (
				2B22D0241B0AF981006856F0 /* Info.plist */,
			);
			name = "Supporting Files";
			sourceTree = "<group>";
		};
		2B22D03B1B0AF981006856F0 /* DiveAnalyzerTests */ = {
			isa = PBXGroup;
			children = (
				2B22D03E1B0AF981006856F0 /* DiveAnalyzerTests.swift */,
				2B22D03C1B0AF981006856F0 /* Supporting Files */,
			);
			path = DiveAnalyzerTests;
			sourceTree = "<group>";
		};
		2B22D03C1B0AF981006856F0 /* Supporting Files */ = {
			isa = PBXGroup;
			children = (
				2B22D03D1B0AF981006856F0 /* Info.plist */,
			);
			name = "Supporting Files";
			sourceTree = "<group>";
		};
/* End PBXGroup section */

/* Begin PBXNativeTarget section */
		2B22D01F1B0AF981006856F0 /* DiveAnalyzer */ = {
			isa = PBXNativeTarget;
			buildConfigurationList = 2B22D0421B0AF981006856F0 /* Build configuration list for PBXNativeTarget "DiveAnalyzer" */;
			buildPhases = (
				2B22D01C1B0AF981006856F0 /* Sources */,
				2B22D01D1B0AF981006856F0 /* Frameworks */,
				2B22D01E1B0AF981006856F0 /* Resources */,
			);
			buildRules = (
			);
			dependencies = (
			);
			name = DiveAnalyzer;
			productName = DiveAnalyzer;
			productReference = 2B22D0201B0AF981006856F0 /* DiveAnalyzer.app */;
			productType = "com.apple.product-type.application";
		};
		2B22D0371B0AF981006856F0 /* DiveAnalyzerTests */ = {
			isa = PBXNativeTarget;
			buildConfigurationList = 2B22D0451B0AF981006856F0 /* Build configuration list for PBXNativeTarget "DiveAnalyzerTests" */;
			buildPhases = (
				2B22D0341B0AF981006856F0 /* Sources */,
				2B22D0351B0AF981006856F0 /* Frameworks */,
				2B22D0361B0AF981006856F0 /* Resources */,
			);
			buildRules = (
			);
			dependencies = (
				2B22D03A1B0AF981006856F0 /* PBXTargetDependency */,
			);
			name = DiveAnalyzerTests;
			productName = DiveAnalyzerTests;
			productReference = 2B22D0381B0AF981006856F0 /* DiveAnalyzerTests.xctest */;
			productType = "com.apple.product-type.bundle.unit-test";
		};
/* End PBXNativeTarget section */

/* Begin PBXProject section */
		2B22D0181B0AF981006856F0 /* Project object */ = {
			isa = PBXProject;
			attributes = {
				LastUpgradeCheck = 0630;
				ORGANIZATIONNAME = "Edward M. Meshuris";
				TargetAttributes = {
					2B22D01F1B0AF981006856F0 = {
						CreatedOnToolsVersion = 6.3.1;
						DevelopmentTeam = 5M7XRMWUH6;
					};
					2B22D0371B0AF981006856F0 = {
						CreatedOnToolsVersion = 6.3.1;
						TestTargetID = 2B22D01F1B0AF981006856F0;
					};
				};
			};
			buildConfigurationList = 2B22D01B1B0AF981006856F0 /* Build configuration list for PBXProject "DiveAnalyzer" */;
			compatibilityVersion = "Xcode 3.2";
			developmentRegion = English;
			hasScannedForEncodings = 0;
			knownRegions = (
				en,
				Base,
			);
			mainGroup = 2B22D0171B0AF981006856F0;
			productRefGroup = 2B22D0211B0AF981006856F0 /* Products */;
			projectDirPath = "";
			projectRoot = "";
			targets = (
				2B22D01F1B0AF981006856F0 /* DiveAnalyzer */,
				2B22D0371B0AF981006856F0 /* DiveAnalyzerTests */,
			);
		};
/* End PBXProject section */

/* Begin PBXResourcesBuildPhase section */
		2B22D01E1B0AF981006856F0 /* Resources */ = {
			isa = PBXResourcesBuildPhase;
			buildActionMask = 2147483647;
			files = (
				2B22D02E1B0AF981006856F0 /* Main.storyboard in Resources */,
				2B22D0331B0AF981006856F0 /* LaunchScreen.xib in Resources */,
				2B22D0301B0AF981006856F0 /* Images.xcassets in Resources */,
			);
			runOnlyForDeploymentPostprocessing = 0;
		};
		2B22D0361B0AF981006856F0 /* Resources */ = {
			isa = PBXResourcesBuildPhase;
			buildActionMask = 2147483647;
			files = (
			);
			runOnlyForDeploymentPostprocessing = 0;
		};
/* End PBXResourcesBuildPhase section */

/* Begin PBXSourcesBuildPhase section */
		2B22D01C1B0AF981006856F0 /* Sources */ = {
			isa = PBXSourcesBuildPhase;
			buildActionMask = 2147483647;
			files = (
				2B22D02B1B0AF981006856F0 /* ViewController.swift in Sources */,
				2B22D0261B0AF981006856F0 /* AppDelegate.swift in Sources */,
				2B22D0291B0AF981006856F0 /* DiveAnalyzer.xcdatamodeld in Sources */,
			);
			runOnlyForDeploymentPostprocessing = 0;
		};
		2B22D0341B0AF981006856F0 /* Sources */ = {
			isa = PBXSourcesBuildPhase;
			buildActionMask = 2147483647;
			files = (
				2B22D03F1B0AF981006856F0 /* DiveAnalyzerTests.swift in Sources */,
			);
			runOnlyForDeploymentPostprocessing = 0;
		};
/* End PBXSourcesBuildPhase section */

/* Begin PBXTargetDependency section */
		2B22D03A1B0AF981006856F0 /* PBXTargetDependency */ = {
			isa = PBXTargetDependency;
			target = 2B22D01F1B0AF981006856F0 /* DiveAnalyzer */;
			targetProxy = 2B22D0391B0AF981006856F0 /* PBXContainerItemProxy */;
		};
/* End PBXTargetDependency section */

/* Begin PBXVariantGroup section */
		2B22D02C1B0AF981006856F0 /* Main.storyboard */ = {
			isa = PBXVariantGroup;
			children = (
				2B22D02D1B0AF981006856F0 /* Base */,
			);
			name = Main.storyboard;
			sourceTree = "<group>";
		};
		2B22D0311B0AF981006856F0 /* LaunchScreen.xib */ = {
			isa = PBXVariantGroup;
			children = (
				2B22D0321B0AF981006856F0 /* Base */,
			);
			name = LaunchScreen.xib;
			sourceTree = "<group>";
		};
/* End PBXVariantGroup section */

/* Begin XCBuildConfiguration section */
		2B22D0401B0AF981006856F0 /* Debug */ = {
			isa = XCBuildConfiguration;
			buildSettings = {
				ALWAYS_SEARCH_USER_PATHS = NO;
				CLANG_CXX_LANGUAGE_STANDARD = "gnu++0x";
				CLANG_CXX_LIBRARY = "libc++";
				CLANG_ENABLE_MODULES = YES;
				CLANG_ENABLE_OBJC_ARC = YES;
				CLANG_WARN_BOOL_CONVERSION = YES;
				CLANG_WARN_CONSTANT_CONVERSION = YES;
				CLANG_WARN_DIRECT_OBJC_ISA_USAGE = YES_ERROR;
				CLANG_WARN_EMPTY_BODY = YES;
				CLANG_WARN_ENUM_CONVERSION = YES;
				CLANG_WARN_INT_CONVERSION = YES;
				CLANG_WARN_OBJC_ROOT_CLASS = YES_ERROR;
				CLANG_WARN_UNREACHABLE_CODE = YES;
				CLANG_WARN__DUPLICATE_METHOD_MATCH = YES;
				"CODE_SIGN_IDENTITY[sdk=iphoneos*]" = "iPhone Developer";
				COPY_PHASE_STRIP = NO;
				DEBUG_INFORMATION_FORMAT = "dwarf-with-dsym";
				ENABLE_STRICT_OBJC_MSGSEND = YES;
				GCC_C_LANGUAGE_STANDARD = gnu99;
				GCC_DYNAMIC_NO_PIC = NO;
				GCC_NO_COMMON_BLOCKS = YES;
				GCC_OPTIMIZATION_LEVEL = 0;
				GCC_PREPROCESSOR_DEFINITIONS = (
					"DEBUG=1",
					"$(inherited)",
				);
				GCC_SYMBOLS_PRIVATE_EXTERN = NO;
				GCC_WARN_64_TO_32_BIT_CONVERSION = YES;
				GCC_WARN_ABOUT_RETURN_TYPE = YES_ERROR;
				GCC_WARN_UNDECLARED_SELECTOR = YES;
				GCC_WARN_UNINITIALIZED_AUTOS = YES_AGGRESSIVE;
				GCC_WARN_UNUSED_FUNCTION = YES;
				GCC_WARN_UNUSED_VARIABLE = YES;
				IPHONEOS_DEPLOYMENT_TARGET = 8.3;
				MTL_ENABLE_DEBUG_INFO = YES;
				ONLY_ACTIVE_ARCH = YES;
				SDKROOT = iphoneos;
				SWIFT_OPTIMIZATION_LEVEL = "-Onone";
				TARGETED_DEVICE_FAMILY = "1,2";
			};
			name = Debug;
		};
		2B22D0411B0AF981006856F0 /* Release */ = {
			isa = XCBuildConfiguration;
			buildSettings = {
				ALWAYS_SEARCH_USER_PATHS = NO;
				CLANG_CXX_LANGUAGE_STANDARD = "gnu++0x";
				CLANG_CXX_LIBRARY = "libc++";
				CLANG_ENABLE_MODULES = YES;
				CLANG_ENABLE_OBJC_ARC = YES;
				CLANG_WARN_BOOL_CONVERSION = YES;
				CLANG_WARN_CONSTANT_CONVERSION = YES;
				CLANG_WARN_DIRECT_OBJC_ISA_USAGE = YES_ERROR;
				CLANG_WARN_EMPTY_BODY = YES;
				CLANG_WARN_ENUM_CONVERSION = YES;
				CLANG_WARN_INT_CONVERSION = YES;
				CLANG_WARN_OBJC_ROOT_CLASS = YES_ERROR;
				CLANG_WARN_UNREACHABLE_CODE = YES;
				CLANG_WARN__DUPLICATE_METHOD_MATCH = YES;
				"CODE_SIGN_IDENTITY[sdk=iphoneos*]" = "iPhone Developer";
				COPY_PHASE_STRIP = NO;
				DEBUG_INFORMATION_FORMAT = "dwarf-with-dsym";
				ENABLE_NS_ASSERTIONS = NO;
				ENABLE_STRICT_OBJC_MSGSEND = YES;
				GCC_C_LANGUAGE_STANDARD = gnu99;
				GCC_NO_COMMON_BLOCKS = YES;
				GCC_WARN_64_TO_32_BIT_CONVERSION = YES;
				GCC_WARN_ABOUT_RETURN_TYPE = YES_ERROR;
				GCC_WARN_UNDECLARED_SELECTOR = YES;
				GCC_WARN_UNINITIALIZED_AUTOS = YES_AGGRESSIVE;
				GCC_WARN_UNUSED_FUNCTION = YES;
				GCC_WARN_UNUSED_VARIABLE = YES;
				IPHONEOS_DEPLOYMENT_TARGET = 8.3;
				MTL_ENABLE_DEBUG_INFO = NO;
				SDKROOT = iphoneos;
				TARGETED_DEVICE_FAMILY = "1,2";
				VALIDATE_PRODUCT = YES;
			};
			name = Release;
		};
		2B22D0431B0AF981006856F0 /* Debug */ = {
			isa = XCBuildConfiguration;
			buildSettings = {
				ASSETCATALOG_COMPILER_APPICON_NAME = AppIcon;
				CODE_SIGN_IDENTITY = "iPhone Developer";
				INFOPLIST_FILE = DiveAnalyzer/Info.plist;
				LD_RUNPATH_SEARCH_PATHS = "$(inherited) @executable_path/Frameworks";
				PRODUCT_NAME = "$(TARGET_NAME)";
			};
			name = Debug;
		};
		2B22D0441B0AF981006856F0 /* Release */ = {
			isa = XCBuildConfiguration;
			buildSettings = {
				ASSETCATALOG_COMPILER_APPICON_NAME = AppIcon;
				CODE_SIGN_IDENTITY = "iPhone Developer";
				INFOPLIST_FILE = DiveAnalyzer/Info.plist;
				LD_RUNPATH_SEARCH_PATHS = "$(inherited) @executable_path/Frameworks";
				PRODUCT_NAME = "$(TARGET_NAME)";
			};
			name = Release;
		};
		2B22D0461B0AF981006856F0 /* Debug */ = {
			isa = XCBuildConfiguration;
			buildSettings = {
				BUNDLE_LOADER = "$(TEST_HOST)";
				FRAMEWORK_SEARCH_PATHS = (
					"$(SDKROOT)/Developer/Library/Frameworks",
					"$(inherited)",
				);
				GCC_PREPROCESSOR_DEFINITIONS = (
					"DEBUG=1",
					"$(inherited)",
				);
				INFOPLIST_FILE = DiveAnalyzerTests/Info.plist;
				LD_RUNPATH_SEARCH_PATHS = "$(inherited) @executable_path/Frameworks @loader_path/Frameworks";
				PRODUCT_NAME = "$(TARGET_NAME)";
				TEST_HOST = "$(BUILT_PRODUCTS_DIR)/DiveAnalyzer.app/DiveAnalyzer";
			};
			name = Debug;
		};
		2B22D0471B0AF981006856F0 /* Release */ = {
			isa = XCBuildConfiguration;
			buildSettings = {
				BUNDLE_LOADER = "$(TEST_HOST)";
				FRAMEWORK_SEARCH_PATHS = (
					"$(SDKROOT)/Developer/Library/Frameworks",
					"$(inherited)",
				);
				INFOPLIST_FILE = DiveAnalyzerTests/Info.plist;
				LD_RUNPATH_SEARCH_PATHS = "$(inherited) @executable_path/Frameworks @loader_path/Frameworks";
				PRODUCT_NAME = "$(TARGET_NAME)";
				TEST_HOST = "$(BUILT_PRODUCTS_DIR)/DiveAnalyzer.app/DiveAnalyzer";
			};
			name = Release;
		};
/* End XCBuildConfiguration section */

/* Begin XCConfigurationList section */
		2B22D01B1B0AF981006856F0 /* Build configuration list for PBXProject "DiveAnalyzer" */ = {
			isa = XCConfigurationList;
			buildConfigurations = (
				2B22D0401B0AF981006856F0 /* Debug */,
				2B22D0411B0AF981006856F0 /* Release */,
			);
			defaultConfigurationIsVisible = 0;
			defaultConfigurationName = Release;
		};
		2B22D0421B0AF981006856F0 /* Build configuration list for PBXNativeTarget "DiveAnalyzer" */ = {
			isa = XCConfigurationList;
			buildConfigurations = (
				2B22D0431B0AF981006856F0 /* Debug */,
				2B22D0441B0AF981006856F0 /* Release */,
			);
			defaultConfigurationIsVisible = 0;
		};
		2B22D0451B0AF981006856F0 /* Build configuration list for PBXNativeTarget "DiveAnalyzerTests" */ = {
			isa = XCConfigurationList;
			buildConfigurations = (
				2B22D0461B0AF981006856F0 /* Debug */,
				2B22D0471B0AF981006856F0 /* Release */,
			);
			defaultConfigurationIsVisible = 0;
		};
/* End XCConfigurationList section */

/* Begin XCVersionGroup section */
		2B22D0271B0AF981006856F0 /* DiveAnalyzer.xcdatamodeld */ = {
			isa = XCVersionGroup;
			children = (
				2B22D0281B0AF981006856F0 /* DiveAnalyzer.xcdatamodel */,
			);
			currentVersion = 2B22D0281B0AF981006856F0 /* DiveAnalyzer.xcdatamodel */;
			path = DiveAnalyzer.xcdatamodeld;
			sourceTree = "<group>";
			versionGroupType = wrapper.xcdatamodel;
		};
/* End XCVersionGroup section */
	};
	rootObject = 2B22D0181B0AF981006856F0 /* Project object */;
}
